
Microsoft Visual Studio Solution File, Format Version 12.00
# Visual Studio 2012
Project("{FAE04EC0-301F-11D3-BF4B-00C04F79EFBC}") = "LambdaReduction", "LambdaReduction\LambdaReduction.csproj", "{CC4B5CB4-4A9B-4BC0-ADE0-AA427BA05C50}"
EndProject
Project("{FAE04EC0-301F-11D3-BF4B-00C04F79EFBC}") = "UnitTests", "UnitTests\UnitTests.csproj", "{956A84CE-53BF-43C1-AE3A-8B608A372F8F}"
EndProject
Global
	GlobalSection(SolutionConfigurationPlatforms) = preSolution
		Debug|Any CPU = Debug|Any CPU
		Release|Any CPU = Release|Any CPU
	EndGlobalSection
	GlobalSection(ProjectConfigurationPlatforms) = postSolution
		{CC4B5CB4-4A9B-4BC0-ADE0-AA427BA05C50}.Debug|Any CPU.ActiveCfg = Debug|Any CPU
		{CC4B5CB4-4A9B-4BC0-ADE0-AA427BA05C50}.Debug|Any CPU.Build.0 = Debug|Any CPU
		{CC4B5CB4-4A9B-4BC0-ADE0-AA427BA05C50}.Release|Any CPU.ActiveCfg = Release|Any CPU
		{CC4B5CB4-4A9B-4BC0-ADE0-AA427BA05C50}.Release|Any CPU.Build.0 = Release|Any CPU
		{956A84CE-53BF-43C1-AE3A-8B608A372F8F}.Debug|Any CPU.ActiveCfg = Debug|Any CPU
		{956A84CE-53BF-43C1-AE3A-8B608A372F8F}.Debug|Any CPU.Build.0 = Debug|Any CPU
		{956A84CE-53BF-43C1-AE3A-8B608A372F8F}.Release|Any CPU.ActiveCfg = Release|Any CPU
		{956A84CE-53BF-43C1-AE3A-8B608A372F8F}.Release|Any CPU.Build.0 = Release|Any CPU
	EndGlobalSection
	GlobalSection(SolutionProperties) = preSolution
		HideSolutionNode = FALSE
	EndGlobalSection
EndGlobal
